
Microsoft Visual Studio Solution File, Format Version 12.00
# Visual Studio Version 17
VisualStudioVersion = 17.9.34728.123
MinimumVisualStudioVersion = 10.0.40219.1
Project("{FAE04EC0-301F-11D3-BF4B-00C04F79EFBC}") = "ClinicMangmentSystem", "ClinicMangmentSystem\ClinicMangmentSystem.csproj", "{F982790C-DD6C-45AB-9799-88456937263B}"
EndProject
Global
	GlobalSection(SolutionConfigurationPlatforms) = preSolution
		Debug|Any CPU = Debug|Any CPU
		Release|Any CPU = Release|Any CPU
	EndGlobalSection
	GlobalSection(ProjectConfigurationPlatforms) = postSolution
		{F982790C-DD6C-45AB-9799-88456937263B}.Debug|Any CPU.ActiveCfg = Debug|Any CPU
		{F982790C-DD6C-45AB-9799-88456937263B}.Debug|Any CPU.Build.0 = Debug|Any CPU
		{F982790C-DD6C-45AB-9799-88456937263B}.Release|Any CPU.ActiveCfg = Release|Any CPU
		{F982790C-DD6C-45AB-9799-88456937263B}.Release|Any CPU.Build.0 = Release|Any CPU
	EndGlobalSection
	GlobalSection(SolutionProperties) = preSolution
		HideSolutionNode = FALSE
	EndGlobalSection
	GlobalSection(ExtensibilityGlobals) = postSolution
		SolutionGuid = {41973628-E0E6-4890-8957-D263D4347649}
	EndGlobalSection
EndGlobal
